
Microsoft Visual Studio Solution File, Format Version 12.00
# Visual Studio Version 16
VisualStudioVersion = 16.0.810.9
MinimumVisualStudioVersion = 10.0.40219.1
Project("{FAE04EC0-301F-11D3-BF4B-00C04F79EFBC}") = "MissGuided.Android", "MissGuided.Android\MissGuided.Android.csproj", "{0344D2DF-4F9C-4AEE-9CE7-7D144E569AE5}"
EndProject
Project("{FAE04EC0-301F-11D3-BF4B-00C04F79EFBC}") = "MissGuided.iOS", "MissGuided.iOS\MissGuided.iOS.csproj", "{0072EE68-EBCC-4BDC-9A7D-633BFAF118FE}"
EndProject
Project("{FAE04EC0-301F-11D3-BF4B-00C04F79EFBC}") = "MissGuided", "MissGuided\MissGuided.csproj", "{288913C8-8B74-4358-817F-A1992D4F4F45}"
EndProject
Global
	GlobalSection(SolutionConfigurationPlatforms) = preSolution
		Debug|Any CPU = Debug|Any CPU
		Release|Any CPU = Release|Any CPU
		Debug|iPhoneSimulator = Debug|iPhoneSimulator
		Release|iPhoneSimulator = Release|iPhoneSimulator
		Debug|iPhone = Debug|iPhone
		Release|iPhone = Release|iPhone
	EndGlobalSection
	GlobalSection(ProjectConfigurationPlatforms) = postSolution
		{0344D2DF-4F9C-4AEE-9CE7-7D144E569AE5}.Debug|Any CPU.ActiveCfg = Debug|Any CPU
		{0344D2DF-4F9C-4AEE-9CE7-7D144E569AE5}.Debug|Any CPU.Build.0 = Debug|Any CPU
		{0344D2DF-4F9C-4AEE-9CE7-7D144E569AE5}.Release|Any CPU.ActiveCfg = Release|Any CPU
		{0344D2DF-4F9C-4AEE-9CE7-7D144E569AE5}.Release|Any CPU.Build.0 = Release|Any CPU
		{0344D2DF-4F9C-4AEE-9CE7-7D144E569AE5}.Debug|iPhoneSimulator.ActiveCfg = Debug|Any CPU
		{0344D2DF-4F9C-4AEE-9CE7-7D144E569AE5}.Debug|iPhoneSimulator.Build.0 = Debug|Any CPU
		{0344D2DF-4F9C-4AEE-9CE7-7D144E569AE5}.Release|iPhoneSimulator.ActiveCfg = Release|Any CPU
		{0344D2DF-4F9C-4AEE-9CE7-7D144E569AE5}.Release|iPhoneSimulator.Build.0 = Release|Any CPU
		{0344D2DF-4F9C-4AEE-9CE7-7D144E569AE5}.Debug|iPhone.ActiveCfg = Debug|Any CPU
		{0344D2DF-4F9C-4AEE-9CE7-7D144E569AE5}.Debug|iPhone.Build.0 = Debug|Any CPU
		{0344D2DF-4F9C-4AEE-9CE7-7D144E569AE5}.Release|iPhone.ActiveCfg = Release|Any CPU
		{0344D2DF-4F9C-4AEE-9CE7-7D144E569AE5}.Release|iPhone.Build.0 = Release|Any CPU
		{0072EE68-EBCC-4BDC-9A7D-633BFAF118FE}.Debug|Any CPU.ActiveCfg = Debug|iPhoneSimulator
		{0072EE68-EBCC-4BDC-9A7D-633BFAF118FE}.Debug|Any CPU.Build.0 = Debug|iPhoneSimulator
		{0072EE68-EBCC-4BDC-9A7D-633BFAF118FE}.Release|Any CPU.ActiveCfg = Release|iPhoneSimulator
		{0072EE68-EBCC-4BDC-9A7D-633BFAF118FE}.Release|Any CPU.Build.0 = Release|iPhoneSimulator
		{0072EE68-EBCC-4BDC-9A7D-633BFAF118FE}.Debug|iPhoneSimulator.ActiveCfg = Debug|iPhoneSimulator
		{0072EE68-EBCC-4BDC-9A7D-633BFAF118FE}.Debug|iPhoneSimulator.Build.0 = Debug|iPhoneSimulator
		{0072EE68-EBCC-4BDC-9A7D-633BFAF118FE}.Release|iPhoneSimulator.ActiveCfg = Release|iPhoneSimulator
		{0072EE68-EBCC-4BDC-9A7D-633BFAF118FE}.Release|iPhoneSimulator.Build.0 = Release|iPhoneSimulator
		{0072EE68-EBCC-4BDC-9A7D-633BFAF118FE}.Debug|iPhone.ActiveCfg = Debug|iPhone
		{0072EE68-EBCC-4BDC-9A7D-633BFAF118FE}.Debug|iPhone.Build.0 = Debug|iPhone
		{0072EE68-EBCC-4BDC-9A7D-633BFAF118FE}.Release|iPhone.ActiveCfg = Release|iPhone
		{0072EE68-EBCC-4BDC-9A7D-633BFAF118FE}.Release|iPhone.Build.0 = Release|iPhone
		{288913C8-8B74-4358-817F-A1992D4F4F45}.Debug|Any CPU.ActiveCfg = Debug|Any CPU
		{288913C8-8B74-4358-817F-A1992D4F4F45}.Debug|Any CPU.Build.0 = Debug|Any CPU
		{288913C8-8B74-4358-817F-A1992D4F4F45}.Release|Any CPU.ActiveCfg = Release|Any CPU
		{288913C8-8B74-4358-817F-A1992D4F4F45}.Release|Any CPU.Build.0 = Release|Any CPU
		{288913C8-8B74-4358-817F-A1992D4F4F45}.Debug|iPhoneSimulator.ActiveCfg = Debug|Any CPU
		{288913C8-8B74-4358-817F-A1992D4F4F45}.Debug|iPhoneSimulator.Build.0 = Debug|Any CPU
		{288913C8-8B74-4358-817F-A1992D4F4F45}.Release|iPhoneSimulator.ActiveCfg = Release|Any CPU
		{288913C8-8B74-4358-817F-A1992D4F4F45}.Release|iPhoneSimulator.Build.0 = Release|Any CPU
		{288913C8-8B74-4358-817F-A1992D4F4F45}.Debug|iPhone.ActiveCfg = Debug|Any CPU
		{288913C8-8B74-4358-817F-A1992D4F4F45}.Debug|iPhone.Build.0 = Debug|Any CPU
		{288913C8-8B74-4358-817F-A1992D4F4F45}.Release|iPhone.ActiveCfg = Release|Any CPU
		{288913C8-8B74-4358-817F-A1992D4F4F45}.Release|iPhone.Build.0 = Release|Any CPU
	EndGlobalSection
	GlobalSection(SolutionProperties) = preSolution
		HideSolutionNode = FALSE
	EndGlobalSection
	GlobalSection(ExtensibilityGlobals) = postSolution
		SolutionGuid = {6B16F2ED-378A-42CA-8A56-7B6F6A1F7DEE}
	EndGlobalSection
EndGlobal
